
Microsoft Visual Studio Solution File, Format Version 12.00
# Visual Studio Version 17
VisualStudioVersion = 17.2.32516.85
MinimumVisualStudioVersion = 10.0.40219.1
Project("{9A19103F-16F7-4668-BE54-9A1E7A4F7556}") = "WebBackEnd-Simbora", "WebBackEnd-Simbora.csproj", "{BC653CF0-A73D-4E83-8B59-A8D5AD26FFBD}"
EndProject
Global
	GlobalSection(SolutionConfigurationPlatforms) = preSolution
		Debug|Any CPU = Debug|Any CPU
		Release|Any CPU = Release|Any CPU
	EndGlobalSection
	GlobalSection(ProjectConfigurationPlatforms) = postSolution
		{BC653CF0-A73D-4E83-8B59-A8D5AD26FFBD}.Debug|Any CPU.ActiveCfg = Debug|Any CPU
		{BC653CF0-A73D-4E83-8B59-A8D5AD26FFBD}.Debug|Any CPU.Build.0 = Debug|Any CPU
		{BC653CF0-A73D-4E83-8B59-A8D5AD26FFBD}.Release|Any CPU.ActiveCfg = Release|Any CPU
		{BC653CF0-A73D-4E83-8B59-A8D5AD26FFBD}.Release|Any CPU.Build.0 = Release|Any CPU
	EndGlobalSection
	GlobalSection(SolutionProperties) = preSolution
		HideSolutionNode = FALSE
	EndGlobalSection
	GlobalSection(ExtensibilityGlobals) = postSolution
		SolutionGuid = {6C36A413-F512-4A3F-8944-4841D649BDC8}
	EndGlobalSection
EndGlobal
